
Microsoft Visual Studio Solution File, Format Version 12.00
# Visual Studio Version 16
VisualStudioVersion = 16.0.30128.74
MinimumVisualStudioVersion = 10.0.40219.1
Project("{FAE04EC0-301F-11D3-BF4B-00C04F79EFBC}") = "WebApplication1", "WebApplication1\WebApplication1.csproj", "{33C4CFD8-087B-45AD-A636-AF364145BDBE}"
EndProject
Global
	GlobalSection(SolutionConfigurationPlatforms) = preSolution
		Debug|Any CPU = Debug|Any CPU
		Release|Any CPU = Release|Any CPU
	EndGlobalSection
	GlobalSection(ProjectConfigurationPlatforms) = postSolution
		{33C4CFD8-087B-45AD-A636-AF364145BDBE}.Debug|Any CPU.ActiveCfg = Debug|Any CPU
		{33C4CFD8-087B-45AD-A636-AF364145BDBE}.Debug|Any CPU.Build.0 = Debug|Any CPU
		{33C4CFD8-087B-45AD-A636-AF364145BDBE}.Release|Any CPU.ActiveCfg = Release|Any CPU
		{33C4CFD8-087B-45AD-A636-AF364145BDBE}.Release|Any CPU.Build.0 = Release|Any CPU
	EndGlobalSection
	GlobalSection(SolutionProperties) = preSolution
		HideSolutionNode = FALSE
	EndGlobalSection
	GlobalSection(ExtensibilityGlobals) = postSolution
		SolutionGuid = {8AC7B826-43C2-4EBE-9A64-33ECD9288A43}
	EndGlobalSection
EndGlobal
